// !$*UTF8*$!
{
	archiveVersion = 1;
	classes = {
	};
	objectVersion = 77;
	objects = {

/* Begin PBXBuildFile section */
		D1F3E4232E3522E600D8777D /* README.md in Resources */ = {isa = PBXBuildFile; fileRef = D1F3E4112E3522E600D8777D /* README.md */; };
/* End PBXBuildFile section */

/* Begin PBXContainerItemProxy section */
		D120CBC42E3281C40022B9A3 /* PBXContainerItemProxy */ = {
			isa = PBXContainerItemProxy;
			containerPortal = D120CBAE2E3281C30022B9A3 /* Project object */;
			proxyType = 1;
			remoteGlobalIDString = D120CBB52E3281C30022B9A3;
			remoteInfo = "shoppingcart-ios";
		};
		D120CBCE2E3281C40022B9A3 /* PBXContainerItemProxy */ = {
			isa = PBXContainerItemProxy;
			containerPortal = D120CBAE2E3281C30022B9A3 /* Project object */;
			proxyType = 1;
			remoteGlobalIDString = D120CBB52E3281C30022B9A3;
			remoteInfo = "shoppingcart-ios";
		};
/* End PBXContainerItemProxy section */

/* Begin PBXFileReference section */
		D120CBB62E3281C30022B9A3 /* shoppingcart-ios.app */ = {isa = PBXFileReference; explicitFileType = wrapper.application; includeInIndex = 0; path = "shoppingcart-ios.app"; sourceTree = BUILT_PRODUCTS_DIR; };
		D120CBC32E3281C40022B9A3 /* shoppingcart-iosTests.xctest */ = {isa = PBXFileReference; explicitFileType = wrapper.cfbundle; includeInIndex = 0; path = "shoppingcart-iosTests.xctest"; sourceTree = BUILT_PRODUCTS_DIR; };
		D120CBCD2E3281C40022B9A3 /* shoppingcart-iosUITests.xctest */ = {isa = PBXFileReference; explicitFileType = wrapper.cfbundle; includeInIndex = 0; path = "shoppingcart-iosUITests.xctest"; sourceTree = BUILT_PRODUCTS_DIR; };
		D1F3E4112E3522E600D8777D /* README.md */ = {isa = PBXFileReference; lastKnownFileType = net.daringfireball.markdown; path = README.md; sourceTree = "<group>"; };
/* End PBXFileReference section */

/* Begin PBXFileSystemSynchronizedRootGroup section */
		D120CBB82E3281C30022B9A3 /* shoppingcart-ios */ = {
			isa = PBXFileSystemSynchronizedRootGroup;
			path = "shoppingcart-ios";
			sourceTree = "<group>";
		};
		D120CBC62E3281C40022B9A3 /* shoppingcart-iosTests */ = {
			isa = PBXFileSystemSynchronizedRootGroup;
			path = "shoppingcart-iosTests";
			sourceTree = "<group>";
		};
		D120CBD02E3281C40022B9A3 /* shoppingcart-iosUITests */ = {
			isa = PBXFileSystemSynchronizedRootGroup;
			path = "shoppingcart-iosUITests";
			sourceTree = "<group>";
		};
/* End PBXFileSystemSynchronizedRootGroup section */

/* Begin PBXFrameworksBuildPhase section */
		D120CBB32E3281C30022B9A3 /* Frameworks */ = {
			isa = PBXFrameworksBuildPhase;
			buildActionMask = 2147483647;
			files = (
			);
			runOnlyForDeploymentPostprocessing = 0;
		};
		D120CBC02E3281C40022B9A3 /* Frameworks */ = {
			isa = PBXFrameworksBuildPhase;
			buildActionMask = 2147483647;
			files = (
			);
			runOnlyForDeploymentPostprocessing = 0;
		};
		D120CBCA2E3281C40022B9A3 /* Frameworks */ = {
			isa = PBXFrameworksBuildPhase;
			buildActionMask = 2147483647;
			files = (
			);
			runOnlyForDeploymentPostprocessing = 0;
		};
/* End PBXFrameworksBuildPhase section */

/* Begin PBXGroup section */
		D120CBAD2E3281C30022B9A3 = {
			isa = PBXGroup;
			children = (
				D120CBB82E3281C30022B9A3 /* shoppingcart-ios */,
				D120CBC62E3281C40022B9A3 /* shoppingcart-iosTests */,
				D120CBD02E3281C40022B9A3 /* shoppingcart-iosUITests */,
				D120CBB72E3281C30022B9A3 /* Products */,
				D1F3E4112E3522E600D8777D /* README.md */,
			);
			sourceTree = "<group>";
		};
		D120CBB72E3281C30022B9A3 /* Products */ = {
			isa = PBXGroup;
			children = (
				D120CBB62E3281C30022B9A3 /* shoppingcart-ios.app */,
				D120CBC32E3281C40022B9A3 /* shoppingcart-iosTests.xctest */,
				D120CBCD2E3281C40022B9A3 /* shoppingcart-iosUITests.xctest */,
			);
			name = Products;
			sourceTree = "<group>";
		};
/* End PBXGroup section */

/* Begin PBXNativeTarget section */
		D120CBB52E3281C30022B9A3 /* shoppingcart-ios */ = {
			isa = PBXNativeTarget;
			buildConfigurationList = D120CBD72E3281C40022B9A3 /* Build configuration list for PBXNativeTarget "shoppingcart-ios" */;
			buildPhases = (
				D120CBB22E3281C30022B9A3 /* Sources */,
				D120CBB32E3281C30022B9A3 /* Frameworks */,
				D120CBB42E3281C30022B9A3 /* Resources */,
			);
			buildRules = (
			);
			dependencies = (
			);
			fileSystemSynchronizedGroups = (
				D120CBB82E3281C30022B9A3 /* shoppingcart-ios */,
			);
			name = "shoppingcart-ios";
			packageProductDependencies = (
			);
			productName = "shoppingcart-ios";
			productReference = D120CBB62E3281C30022B9A3 /* shoppingcart-ios.app */;
			productType = "com.apple.product-type.application";
		};
		D120CBC22E3281C40022B9A3 /* shoppingcart-iosTests */ = {
			isa = PBXNativeTarget;
			buildConfigurationList = D120CBDA2E3281C40022B9A3 /* Build configuration list for PBXNativeTarget "shoppingcart-iosTests" */;
			buildPhases = (
				D120CBBF2E3281C40022B9A3 /* Sources */,
				D120CBC02E3281C40022B9A3 /* Frameworks */,
				D120CBC12E3281C40022B9A3 /* Resources */,
			);
			buildRules = (
			);
			dependencies = (
				D120CBC52E3281C40022B9A3 /* PBXTargetDependency */,
			);
			fileSystemSynchronizedGroups = (
				D120CBC62E3281C40022B9A3 /* shoppingcart-iosTests */,
			);
			name = "shoppingcart-iosTests";
			packageProductDependencies = (
			);
			productName = "shoppingcart-iosTests";
			productReference = D120CBC32E3281C40022B9A3 /* shoppingcart-iosTests.xctest */;
			productType = "com.apple.product-type.bundle.unit-test";
		};
		D120CBCC2E3281C40022B9A3 /* shoppingcart-iosUITests */ = {
			isa = PBXNativeTarget;
			buildConfigurationList = D120CBDD2E3281C40022B9A3 /* Build configuration list for PBXNativeTarget "shoppingcart-iosUITests" */;
			buildPhases = (
				D120CBC92E3281C40022B9A3 /* Sources */,
				D120CBCA2E3281C40022B9A3 /* Frameworks */,
				D120CBCB2E3281C40022B9A3 /* Resources */,
			);
			buildRules = (
			);
			dependencies = (
				D120CBCF2E3281C40022B9A3 /* PBXTargetDependency */,
			);
			fileSystemSynchronizedGroups = (
				D120CBD02E3281C40022B9A3 /* shoppingcart-iosUITests */,
			);
			name = "shoppingcart-iosUITests";
			packageProductDependencies = (
			);
			productName = "shoppingcart-iosUITests";
			productReference = D120CBCD2E3281C40022B9A3 /* shoppingcart-iosUITests.xctest */;
			productType = "com.apple.product-type.bundle.ui-testing";
		};
/* End PBXNativeTarget section */

/* Begin PBXProject section */
		D120CBAE2E3281C30022B9A3 /* Project object */ = {
			isa = PBXProject;
			attributes = {
				BuildIndependentTargetsInParallel = 1;
				LastSwiftUpdateCheck = 1640;
				LastUpgradeCheck = 1640;
				TargetAttributes = {
					D120CBB52E3281C30022B9A3 = {
						CreatedOnToolsVersion = 16.4;
					};
					D120CBC22E3281C40022B9A3 = {
						CreatedOnToolsVersion = 16.4;
						LastSwiftMigration = 1640;
						TestTargetID = D120CBB52E3281C30022B9A3;
					};
					D120CBCC2E3281C40022B9A3 = {
						CreatedOnToolsVersion = 16.4;
						TestTargetID = D120CBB52E3281C30022B9A3;
					};
				};
			};
			buildConfigurationList = D120CBB12E3281C30022B9A3 /* Build configuration list for PBXProject "shoppingcart-ios" */;
			developmentRegion = en;
			hasScannedForEncodings = 0;
			knownRegions = (
				en,
				Base,
			);
			mainGroup = D120CBAD2E3281C30022B9A3;
			minimizedProjectReferenceProxies = 1;
			preferredProjectObjectVersion = 77;
			productRefGroup = D120CBB72E3281C30022B9A3 /* Products */;
			projectDirPath = "";
			projectRoot = "";
			targets = (
				D120CBB52E3281C30022B9A3 /* shoppingcart-ios */,
				D120CBC22E3281C40022B9A3 /* shoppingcart-iosTests */,
				D120CBCC2E3281C40022B9A3 /* shoppingcart-iosUITests */,
			);
		};
/* End PBXProject section */

/* Begin PBXResourcesBuildPhase section */
		D120CBB42E3281C30022B9A3 /* Resources */ = {
			isa = PBXResourcesBuildPhase;
			buildActionMask = 2147483647;
			files = (
				D1F3E4232E3522E600D8777D /* README.md in Resources */,
			);
			runOnlyForDeploymentPostprocessing = 0;
		};
		D120CBC12E3281C40022B9A3 /* Resources */ = {
			isa = PBXResourcesBuildPhase;
			buildActionMask = 2147483647;
			files = (
			);
			runOnlyForDeploymentPostprocessing = 0;
		};
		D120CBCB2E3281C40022B9A3 /* Resources */ = {
			isa = PBXResourcesBuildPhase;
			buildActionMask = 2147483647;
			files = (
			);
			runOnlyForDeploymentPostprocessing = 0;
		};
/* End PBXResourcesBuildPhase section */

/* Begin PBXSourcesBuildPhase section */
		D120CBB22E3281C30022B9A3 /* Sources */ = {
			isa = PBXSourcesBuildPhase;
			buildActionMask = 2147483647;
			files = (
			);
			runOnlyForDeploymentPostprocessing = 0;
		};
		D120CBBF2E3281C40022B9A3 /* Sources */ = {
			isa = PBXSourcesBuildPhase;
			buildActionMask = 2147483647;
			files = (
			);
			runOnlyForDeploymentPostprocessing = 0;
		};
		D120CBC92E3281C40022B9A3 /* Sources */ = {
			isa = PBXSourcesBuildPhase;
			buildActionMask = 2147483647;
			files = (
			);
			runOnlyForDeploymentPostprocessing = 0;
		};
/* End PBXSourcesBuildPhase section */

/* Begin PBXTargetDependency section */
		D120CBC52E3281C40022B9A3 /* PBXTargetDependency */ = {
			isa = PBXTargetDependency;
			target = D120CBB52E3281C30022B9A3 /* shoppingcart-ios */;
			targetProxy = D120CBC42E3281C40022B9A3 /* PBXContainerItemProxy */;
		};
		D120CBCF2E3281C40022B9A3 /* PBXTargetDependency */ = {
			isa = PBXTargetDependency;
			target = D120CBB52E3281C30022B9A3 /* shoppingcart-ios */;
			targetProxy = D120CBCE2E3281C40022B9A3 /* PBXContainerItemProxy */;
		};
/* End PBXTargetDependency section */

/* Begin XCBuildConfiguration section */
		D120CBD52E3281C40022B9A3 /* Debug */ = {
			isa = XCBuildConfiguration;
			buildSettings = {
				ALWAYS_SEARCH_USER_PATHS = NO;
				ASSETCATALOG_COMPILER_GENERATE_SWIFT_ASSET_SYMBOL_EXTENSIONS = YES;
				CLANG_ANALYZER_NONNULL = YES;
				CLANG_ANALYZER_NUMBER_OBJECT_CONVERSION = YES_AGGRESSIVE;
				CLANG_CXX_LANGUAGE_STANDARD = "gnu++20";
				CLANG_ENABLE_MODULES = YES;
				CLANG_ENABLE_OBJC_ARC = YES;
				CLANG_ENABLE_OBJC_WEAK = YES;
				CLANG_WARN_BLOCK_CAPTURE_AUTORELEASING = YES;
				CLANG_WARN_BOOL_CONVERSION = YES;
				CLANG_WARN_COMMA = YES;
				CLANG_WARN_CONSTANT_CONVERSION = YES;
				CLANG_WARN_DEPRECATED_OBJC_IMPLEMENTATIONS = YES;
				CLANG_WARN_DIRECT_OBJC_ISA_USAGE = YES_ERROR;
				CLANG_WARN_DOCUMENTATION_COMMENTS = YES;
				CLANG_WARN_EMPTY_BODY = YES;
				CLANG_WARN_ENUM_CONVERSION = YES;
				CLANG_WARN_INFINITE_RECURSION = YES;
				CLANG_WARN_INT_CONVERSION = YES;
				CLANG_WARN_NON_LITERAL_NULL_CONVERSION = YES;
				CLANG_WARN_OBJC_IMPLICIT_RETAIN_SELF = YES;
				CLANG_WARN_OBJC_LITERAL_CONVERSION = YES;
				CLANG_WARN_OBJC_ROOT_CLASS = YES_ERROR;
				CLANG_WARN_QUOTED_INCLUDE_IN_FRAMEWORK_HEADER = YES;
				CLANG_WARN_RANGE_LOOP_ANALYSIS = YES;
				CLANG_WARN_STRICT_PROTOTYPES = YES;
				CLANG_WARN_SUSPICIOUS_MOVE = YES;
				CLANG_WARN_UNGUARDED_AVAILABILITY = YES_AGGRESSIVE;
				CLANG_WARN_UNREACHABLE_CODE = YES;
				CLANG_WARN__DUPLICATE_METHOD_MATCH = YES;
				COPY_PHASE_STRIP = NO;
				DEBUG_INFORMATION_FORMAT = dwarf;
				DEVELOPMENT_TEAM = LR88XHNH4W;
				ENABLE_STRICT_OBJC_MSGSEND = YES;
				ENABLE_TESTABILITY = YES;
				ENABLE_USER_SCRIPT_SANDBOXING = YES;
				GCC_C_LANGUAGE_STANDARD = gnu17;
				GCC_DYNAMIC_NO_PIC = NO;
				GCC_NO_COMMON_BLOCKS = YES;
				GCC_OPTIMIZATION_LEVEL = 0;
				GCC_PREPROCESSOR_DEFINITIONS = (
					"DEBUG=1",
					"$(inherited)",
				);
				GCC_WARN_64_TO_32_BIT_CONVERSION = YES;
				GCC_WARN_ABOUT_RETURN_TYPE = YES_ERROR;
				GCC_WARN_UNDECLARED_SELECTOR = YES;
				GCC_WARN_UNINITIALIZED_AUTOS = YES_AGGRESSIVE;
				GCC_WARN_UNUSED_FUNCTION = YES;
				GCC_WARN_UNUSED_VARIABLE = YES;
				IPHONEOS_DEPLOYMENT_TARGET = 18.5;
				LOCALIZATION_PREFERS_STRING_CATALOGS = YES;
				MTL_ENABLE_DEBUG_INFO = INCLUDE_SOURCE;
				MTL_FAST_MATH = YES;
				ONLY_ACTIVE_ARCH = YES;
				SDKROOT = iphoneos;
				SWIFT_ACTIVE_COMPILATION_CONDITIONS = "DEBUG $(inherited)";
				SWIFT_OPTIMIZATION_LEVEL = "-Onone";
			};
			name = Debug;
		};
		D120CBD62E3281C40022B9A3 /* Release */ = {
			isa = XCBuildConfiguration;
			buildSettings = {
				ALWAYS_SEARCH_USER_PATHS = NO;
				ASSETCATALOG_COMPILER_GENERATE_SWIFT_ASSET_SYMBOL_EXTENSIONS = YES;
				CLANG_ANALYZER_NONNULL = YES;
				CLANG_ANALYZER_NUMBER_OBJECT_CONVERSION = YES_AGGRESSIVE;
				CLANG_CXX_LANGUAGE_STANDARD = "gnu++20";
				CLANG_ENABLE_MODULES = YES;
				CLANG_ENABLE_OBJC_ARC = YES;
				CLANG_ENABLE_OBJC_WEAK = YES;
				CLANG_WARN_BLOCK_CAPTURE_AUTORELEASING = YES;
				CLANG_WARN_BOOL_CONVERSION = YES;
				CLANG_WARN_COMMA = YES;
				CLANG_WARN_CONSTANT_CONVERSION = YES;
				CLANG_WARN_DEPRECATED_OBJC_IMPLEMENTATIONS = YES;
				CLANG_WARN_DIRECT_OBJC_ISA_USAGE = YES_ERROR;
				CLANG_WARN_DOCUMENTATION_COMMENTS = YES;
				CLANG_WARN_EMPTY_BODY = YES;
				CLANG_WARN_ENUM_CONVERSION = YES;
				CLANG_WARN_INFINITE_RECURSION = YES;
				CLANG_WARN_INT_CONVERSION = YES;
				CLANG_WARN_NON_LITERAL_NULL_CONVERSION = YES;
				CLANG_WARN_OBJC_IMPLICIT_RETAIN_SELF = YES;
				CLANG_WARN_OBJC_LITERAL_CONVERSION = YES;
				CLANG_WARN_OBJC_ROOT_CLASS = YES_ERROR;
				CLANG_WARN_QUOTED_INCLUDE_IN_FRAMEWORK_HEADER = YES;
				CLANG_WARN_RANGE_LOOP_ANALYSIS = YES;
				CLANG_WARN_STRICT_PROTOTYPES = YES;
				CLANG_WARN_SUSPICIOUS_MOVE = YES;
				CLANG_WARN_UNGUARDED_AVAILABILITY = YES_AGGRESSIVE;
				CLANG_WARN_UNREACHABLE_CODE = YES;
				CLANG_WARN__DUPLICATE_METHOD_MATCH = YES;
				COPY_PHASE_STRIP = NO;
				DEBUG_INFORMATION_FORMAT = "dwarf-with-dsym";
				DEVELOPMENT_TEAM = LR88XHNH4W;
				ENABLE_NS_ASSERTIONS = NO;
				ENABLE_STRICT_OBJC_MSGSEND = YES;
				ENABLE_USER_SCRIPT_SANDBOXING = YES;
				GCC_C_LANGUAGE_STANDARD = gnu17;
				GCC_NO_COMMON_BLOCKS = YES;
				GCC_WARN_64_TO_32_BIT_CONVERSION = YES;
				GCC_WARN_ABOUT_RETURN_TYPE = YES_ERROR;
				GCC_WARN_UNDECLARED_SELECTOR = YES;
				GCC_WARN_UNINITIALIZED_AUTOS = YES_AGGRESSIVE;
				GCC_WARN_UNUSED_FUNCTION = YES;
				GCC_WARN_UNUSED_VARIABLE = YES;
				IPHONEOS_DEPLOYMENT_TARGET = 18.5;
				LOCALIZATION_PREFERS_STRING_CATALOGS = YES;
				MTL_ENABLE_DEBUG_INFO = NO;
				MTL_FAST_MATH = YES;
				SDKROOT = iphoneos;
				SWIFT_COMPILATION_MODE = wholemodule;
				VALIDATE_PRODUCT = YES;
			};
			name = Release;
		};
		D120CBD82E3281C40022B9A3 /* Debug */ = {
			isa = XCBuildConfiguration;
			buildSettings = {
				ASSETCATALOG_COMPILER_APPICON_NAME = AppIcon;
				ASSETCATALOG_COMPILER_GLOBAL_ACCENT_COLOR_NAME = AccentColor;
				CODE_SIGN_STYLE = Automatic;
				CURRENT_PROJECT_VERSION = 1;
				DEVELOPMENT_TEAM = LR88XHNH4W;
				ENABLE_PREVIEWS = YES;
				GENERATE_INFOPLIST_FILE = YES;
				INFOPLIST_KEY_UIApplicationSceneManifest_Generation = YES;
				INFOPLIST_KEY_UIApplicationSupportsIndirectInputEvents = YES;
				INFOPLIST_KEY_UILaunchScreen_Generation = YES;
				INFOPLIST_KEY_UISupportedInterfaceOrientations_iPad = "UIInterfaceOrientationPortrait UIInterfaceOrientationPortraitUpsideDown UIInterfaceOrientationLandscapeLeft UIInterfaceOrientationLandscapeRight";
				INFOPLIST_KEY_UISupportedInterfaceOrientations_iPhone = "UIInterfaceOrientationPortrait UIInterfaceOrientationLandscapeLeft UIInterfaceOrientationLandscapeRight";
				LD_RUNPATH_SEARCH_PATHS = (
					"$(inherited)",
					"@executable_path/Frameworks",
				);
				MARKETING_VERSION = 1.0;
				PRODUCT_BUNDLE_IDENTIFIER = "com.example.shoppingcart-ios";
				PRODUCT_NAME = "$(TARGET_NAME)";
				SWIFT_EMIT_LOC_STRINGS = YES;
				SWIFT_VERSION = 5.0;
				TARGETED_DEVICE_FAMILY = "1,2";
			};
			name = Debug;
		};
		D120CBD92E3281C40022B9A3 /* Release */ = {
			isa = XCBuildConfiguration;
			buildSettings = {
				ASSETCATALOG_COMPILER_APPICON_NAME = AppIcon;
				ASSETCATALOG_COMPILER_GLOBAL_ACCENT_COLOR_NAME = AccentColor;
				CODE_SIGN_STYLE = Automatic;
				CURRENT_PROJECT_VERSION = 1;
				DEVELOPMENT_TEAM = LR88XHNH4W;
				ENABLE_PREVIEWS = YES;
				GENERATE_INFOPLIST_FILE = YES;
				INFOPLIST_KEY_UIApplicationSceneManifest_Generation = YES;
				INFOPLIST_KEY_UIApplicationSupportsIndirectInputEvents = YES;
				INFOPLIST_KEY_UILaunchScreen_Generation = YES;
				INFOPLIST_KEY_UISupportedInterfaceOrientations_iPad = "UIInterfaceOrientationPortrait UIInterfaceOrientationPortraitUpsideDown UIInterfaceOrientationLandscapeLeft UIInterfaceOrientationLandscapeRight";
				INFOPLIST_KEY_UISupportedInterfaceOrientations_iPhone = "UIInterfaceOrientationPortrait UIInterfaceOrientationLandscapeLeft UIInterfaceOrientationLandscapeRight";
				LD_RUNPATH_SEARCH_PATHS = (
					"$(inherited)",
					"@executable_path/Frameworks",
				);
				MARKETING_VERSION = 1.0;
				PRODUCT_BUNDLE_IDENTIFIER = "com.example.shoppingcart-ios";
				PRODUCT_NAME = "$(TARGET_NAME)";
				SWIFT_EMIT_LOC_STRINGS = YES;
				SWIFT_VERSION = 5.0;
				TARGETED_DEVICE_FAMILY = "1,2";
			};
			name = Release;
		};
		D120CBDB2E3281C40022B9A3 /* Debug */ = {
			isa = XCBuildConfiguration;
			buildSettings = {
				BUNDLE_LOADER = "$(TEST_HOST)";
				CLANG_ENABLE_MODULES = YES;
				CODE_SIGN_STYLE = Automatic;
				CURRENT_PROJECT_VERSION = 1;
				DEVELOPMENT_TEAM = LR88XHNH4W;
				GENERATE_INFOPLIST_FILE = YES;
				IPHONEOS_DEPLOYMENT_TARGET = 18.5;
				MARKETING_VERSION = 1.0;
				PRODUCT_BUNDLE_IDENTIFIER = "com.example.shoppingcart-iosTests";
				PRODUCT_NAME = "$(TARGET_NAME)";
				SWIFT_EMIT_LOC_STRINGS = NO;
				SWIFT_OPTIMIZATION_LEVEL = "-Onone";
				SWIFT_VERSION = 5.0;
				TARGETED_DEVICE_FAMILY = "1,2";
				TEST_HOST = "$(BUILT_PRODUCTS_DIR)/shoppingcart-ios.app/$(BUNDLE_EXECUTABLE_FOLDER_PATH)/shoppingcart-ios";
			};
			name = Debug;
		};
		D120CBDC2E3281C40022B9A3 /* Release */ = {
			isa = XCBuildConfiguration;
			buildSettings = {
				BUNDLE_LOADER = "$(TEST_HOST)";
				CLANG_ENABLE_MODULES = YES;
				CODE_SIGN_STYLE = Automatic;
				CURRENT_PROJECT_VERSION = 1;
				DEVELOPMENT_TEAM = LR88XHNH4W;
				GENERATE_INFOPLIST_FILE = YES;
				IPHONEOS_DEPLOYMENT_TARGET = 18.5;
				MARKETING_VERSION = 1.0;
				PRODUCT_BUNDLE_IDENTIFIER = "com.example.shoppingcart-iosTests";
				PRODUCT_NAME = "$(TARGET_NAME)";
				SWIFT_EMIT_LOC_STRINGS = NO;
				SWIFT_VERSION = 5.0;
				TARGETED_DEVICE_FAMILY = "1,2";
				TEST_HOST = "$(BUILT_PRODUCTS_DIR)/shoppingcart-ios.app/$(BUNDLE_EXECUTABLE_FOLDER_PATH)/shoppingcart-ios";
			};
			name = Release;
		};
		D120CBDE2E3281C40022B9A3 /* Debug */ = {
			isa = XCBuildConfiguration;
			buildSettings = {
				CODE_SIGN_STYLE = Automatic;
				CURRENT_PROJECT_VERSION = 1;
				DEVELOPMENT_TEAM = LR88XHNH4W;
				GENERATE_INFOPLIST_FILE = YES;
				MARKETING_VERSION = 1.0;
				PRODUCT_BUNDLE_IDENTIFIER = "com.example.shoppingcart-iosUITests";
				PRODUCT_NAME = "$(TARGET_NAME)";
				SWIFT_EMIT_LOC_STRINGS = NO;
				SWIFT_VERSION = 5.0;
				TARGETED_DEVICE_FAMILY = "1,2";
				TEST_TARGET_NAME = "shoppingcart-ios";
			};
			name = Debug;
		};
		D120CBDF2E3281C40022B9A3 /* Release */ = {
			isa = XCBuildConfiguration;
			buildSettings = {
				CODE_SIGN_STYLE = Automatic;
				CURRENT_PROJECT_VERSION = 1;
				DEVELOPMENT_TEAM = LR88XHNH4W;
				GENERATE_INFOPLIST_FILE = YES;
				MARKETING_VERSION = 1.0;
				PRODUCT_BUNDLE_IDENTIFIER = "com.example.shoppingcart-iosUITests";
				PRODUCT_NAME = "$(TARGET_NAME)";
				SWIFT_EMIT_LOC_STRINGS = NO;
				SWIFT_VERSION = 5.0;
				TARGETED_DEVICE_FAMILY = "1,2";
				TEST_TARGET_NAME = "shoppingcart-ios";
			};
			name = Release;
		};
/* End XCBuildConfiguration section */

/* Begin XCConfigurationList section */
		D120CBB12E3281C30022B9A3 /* Build configuration list for PBXProject "shoppingcart-ios" */ = {
			isa = XCConfigurationList;
			buildConfigurations = (
				D120CBD52E3281C40022B9A3 /* Debug */,
				D120CBD62E3281C40022B9A3 /* Release */,
			);
			defaultConfigurationIsVisible = 0;
			defaultConfigurationName = Release;
		};
		D120CBD72E3281C40022B9A3 /* Build configuration list for PBXNativeTarget "shoppingcart-ios" */ = {
			isa = XCConfigurationList;
			buildConfigurations = (
				D120CBD82E3281C40022B9A3 /* Debug */,
				D120CBD92E3281C40022B9A3 /* Release */,
			);
			defaultConfigurationIsVisible = 0;
			defaultConfigurationName = Release;
		};
		D120CBDA2E3281C40022B9A3 /* Build configuration list for PBXNativeTarget "shoppingcart-iosTests" */ = {
			isa = XCConfigurationList;
			buildConfigurations = (
				D120CBDB2E3281C40022B9A3 /* Debug */,
				D120CBDC2E3281C40022B9A3 /* Release */,
			);
			defaultConfigurationIsVisible = 0;
			defaultConfigurationName = Release;
		};
		D120CBDD2E3281C40022B9A3 /* Build configuration list for PBXNativeTarget "shoppingcart-iosUITests" */ = {
			isa = XCConfigurationList;
			buildConfigurations = (
				D120CBDE2E3281C40022B9A3 /* Debug */,
				D120CBDF2E3281C40022B9A3 /* Release */,
			);
			defaultConfigurationIsVisible = 0;
			defaultConfigurationName = Release;
		};
/* End XCConfigurationList section */
	};
	rootObject = D120CBAE2E3281C30022B9A3 /* Project object */;
}
